
Microsoft Visual Studio Solution File, Format Version 12.00
# Visual Studio Version 17
VisualStudioVersion = 17.3.32819.101
MinimumVisualStudioVersion = 10.0.40219.1
Project("{9A19103F-16F7-4668-BE54-9A1E7A4F7556}") = "MotherCompiler", "MotherCompiler.csproj", "{239C80F3-4F54-4BA5-A0E8-6248DCB339F5}"
EndProject
Global
	GlobalSection(SolutionConfigurationPlatforms) = preSolution
		Debug|Any CPU = Debug|Any CPU
		Release|Any CPU = Release|Any CPU
	EndGlobalSection
	GlobalSection(ProjectConfigurationPlatforms) = postSolution
		{239C80F3-4F54-4BA5-A0E8-6248DCB339F5}.Debug|Any CPU.ActiveCfg = Debug|Any CPU
		{239C80F3-4F54-4BA5-A0E8-6248DCB339F5}.Debug|Any CPU.Build.0 = Debug|Any CPU
		{239C80F3-4F54-4BA5-A0E8-6248DCB339F5}.Release|Any CPU.ActiveCfg = Release|Any CPU
		{239C80F3-4F54-4BA5-A0E8-6248DCB339F5}.Release|Any CPU.Build.0 = Release|Any CPU
	EndGlobalSection
	GlobalSection(SolutionProperties) = preSolution
		HideSolutionNode = FALSE
	EndGlobalSection
	GlobalSection(ExtensibilityGlobals) = postSolution
		SolutionGuid = {6B285C60-813D-4583-AF48-743FEE79DA22}
	EndGlobalSection
EndGlobal
